{
  "version": "4",
  "specifiers": {
    "jsr:@hono/hono@^4.8.3": "4.8.9",
    "jsr:@hono/hono@^4.8.9": "4.8.9",
    "jsr:@hono/trpc-server@0.4": "0.4.0",
    "jsr:@std/assert@*": "1.0.13",
    "jsr:@std/internal@^1.0.6": "1.0.10",
    "npm:@deno/vite-plugin@^1.0.5": "1.0.5_vite@6.3.5__picomatch@4.0.3_@types+node@22.12.0",
    "npm:@hono/arktype-validator@^2.0.1": "2.0.1_arktype@2.1.20_hono@4.8.10",
    "npm:@hono/trpc-server@0.4": "0.4.0_@trpc+server@11.4.3__typescript@5.8.3_hono@4.8.5",
    "npm:@hono/vite-dev-server@0.20": "0.20.0_hono@4.8.5",
    "npm:@trpc/client@^11.0.0-rc.424": "11.4.3_@trpc+server@11.4.3__typescript@5.8.3_typescript@5.8.3",
    "npm:@trpc/client@^11.4.3": "11.4.3_@trpc+server@11.4.3__typescript@5.8.3_typescript@5.8.3",
    "npm:@trpc/server@11": "11.4.3_typescript@5.8.3",
    "npm:@trpc/server@^11.0.0-rc.424": "11.4.3_typescript@5.8.3",
    "npm:@trpc/server@^11.4.3": "11.4.3_typescript@5.8.3",
    "npm:@types/node@*": "22.12.0",
    "npm:arktype@^2.1.20": "2.1.20",
    "npm:hono@^4.8.10": "4.8.10",
    "npm:vite@7.0.6": "7.0.6_picomatch@4.0.3_@types+node@22.12.0",
    "npm:vite@^7.0.6": "7.0.6_picomatch@4.0.3_@types+node@22.12.0",
    "npm:zod@^3.23.8": "3.25.76"
  },
  "jsr": {
    "@hono/hono@4.8.9": {
      "integrity": "5e5de33b16e0b3e69e3023de84806b84d9cf800320571fbc9d4c5c880495622a"
    },
    "@hono/trpc-server@0.4.0": {
      "integrity": "39d260d78fe16920a14f0baba84d3e66885e2260def52a24edb7fa02391da04d",
      "dependencies": [
        "jsr:@hono/hono@^4.8.3",
        "npm:@trpc/server@11"
      ]
    },
    "@std/assert@1.0.13": {
      "integrity": "ae0d31e41919b12c656c742b22522c32fb26ed0cba32975cb0de2a273cb68b29",
      "dependencies": [
        "jsr:@std/internal"
      ]
    },
    "@std/internal@1.0.10": {
      "integrity": "e3be62ce42cab0e177c27698e5d9800122f67b766a0bea6ca4867886cbde8cf7"
    }
  },
  "npm": {
    "@ark/schema@0.46.0": {
      "integrity": "sha512-c2UQdKgP2eqqDArfBqQIJppxJHvNNXuQPeuSPlDML4rjw+f1cu0qAlzOG4b8ujgm9ctIDWwhpyw6gjG5ledIVQ==",
      "dependencies": [
        "@ark/util"
      ]
    },
    "@ark/util@0.46.0": {
      "integrity": "sha512-JPy/NGWn/lvf1WmGCPw2VGpBg5utZraE84I7wli18EDF3p3zc/e9WolT35tINeZO3l7C77SjqRJeAUoT0CvMRg=="
    },
    "@deno/vite-plugin@1.0.5_vite@6.3.5__picomatch@4.0.3": {
      "integrity": "sha512-tLja5n4dyMhcze1NzvSs2iiriBymfBlDCZIrjMTxb9O2ru0gvmV6mn5oBD2teNw5Sd92cj3YJzKwsAs8tMJXlg==",
      "dependencies": [
        "vite@6.3.5_picomatch@4.0.3"
      ]
    },
    "@deno/vite-plugin@1.0.5_vite@6.3.5__picomatch@4.0.3_@types+node@22.12.0": {
      "integrity": "sha512-tLja5n4dyMhcze1NzvSs2iiriBymfBlDCZIrjMTxb9O2ru0gvmV6mn5oBD2teNw5Sd92cj3YJzKwsAs8tMJXlg==",
      "dependencies": [
        "vite@6.3.5_picomatch@4.0.3_@types+node@22.12.0"
      ]
    },
    "@esbuild/aix-ppc64@0.25.8": {
      "integrity": "sha512-urAvrUedIqEiFR3FYSLTWQgLu5tb+m0qZw0NBEasUeo6wuqatkMDaRT+1uABiGXEu5vqgPd7FGE1BhsAIy9QVA=="
    },
    "@esbuild/android-arm64@0.25.8": {
      "integrity": "sha512-OD3p7LYzWpLhZEyATcTSJ67qB5D+20vbtr6vHlHWSQYhKtzUYrETuWThmzFpZtFsBIxRvhO07+UgVA9m0i/O1w=="
    },
    "@esbuild/android-arm@0.25.8": {
      "integrity": "sha512-RONsAvGCz5oWyePVnLdZY/HHwA++nxYWIX1atInlaW6SEkwq6XkP3+cb825EUcRs5Vss/lGh/2YxAb5xqc07Uw=="
    },
    "@esbuild/android-x64@0.25.8": {
      "integrity": "sha512-yJAVPklM5+4+9dTeKwHOaA+LQkmrKFX96BM0A/2zQrbS6ENCmxc4OVoBs5dPkCCak2roAD+jKCdnmOqKszPkjA=="
    },
    "@esbuild/darwin-arm64@0.25.8": {
      "integrity": "sha512-Jw0mxgIaYX6R8ODrdkLLPwBqHTtYHJSmzzd+QeytSugzQ0Vg4c5rDky5VgkoowbZQahCbsv1rT1KW72MPIkevw=="
    },
    "@esbuild/darwin-x64@0.25.8": {
      "integrity": "sha512-Vh2gLxxHnuoQ+GjPNvDSDRpoBCUzY4Pu0kBqMBDlK4fuWbKgGtmDIeEC081xi26PPjn+1tct+Bh8FjyLlw1Zlg=="
    },
    "@esbuild/freebsd-arm64@0.25.8": {
      "integrity": "sha512-YPJ7hDQ9DnNe5vxOm6jaie9QsTwcKedPvizTVlqWG9GBSq+BuyWEDazlGaDTC5NGU4QJd666V0yqCBL2oWKPfA=="
    },
    "@esbuild/freebsd-x64@0.25.8": {
      "integrity": "sha512-MmaEXxQRdXNFsRN/KcIimLnSJrk2r5H8v+WVafRWz5xdSVmWLoITZQXcgehI2ZE6gioE6HirAEToM/RvFBeuhw=="
    },
    "@esbuild/linux-arm64@0.25.8": {
      "integrity": "sha512-WIgg00ARWv/uYLU7lsuDK00d/hHSfES5BzdWAdAig1ioV5kaFNrtK8EqGcUBJhYqotlUByUKz5Qo6u8tt7iD/w=="
    },
    "@esbuild/linux-arm@0.25.8": {
      "integrity": "sha512-FuzEP9BixzZohl1kLf76KEVOsxtIBFwCaLupVuk4eFVnOZfU+Wsn+x5Ryam7nILV2pkq2TqQM9EZPsOBuMC+kg=="
    },
    "@esbuild/linux-ia32@0.25.8": {
      "integrity": "sha512-A1D9YzRX1i+1AJZuFFUMP1E9fMaYY+GnSQil9Tlw05utlE86EKTUA7RjwHDkEitmLYiFsRd9HwKBPEftNdBfjg=="
    },
    "@esbuild/linux-loong64@0.25.8": {
      "integrity": "sha512-O7k1J/dwHkY1RMVvglFHl1HzutGEFFZ3kNiDMSOyUrB7WcoHGf96Sh+64nTRT26l3GMbCW01Ekh/ThKM5iI7hQ=="
    },
    "@esbuild/linux-mips64el@0.25.8": {
      "integrity": "sha512-uv+dqfRazte3BzfMp8PAQXmdGHQt2oC/y2ovwpTteqrMx2lwaksiFZ/bdkXJC19ttTvNXBuWH53zy/aTj1FgGw=="
    },
    "@esbuild/linux-ppc64@0.25.8": {
      "integrity": "sha512-GyG0KcMi1GBavP5JgAkkstMGyMholMDybAf8wF5A70CALlDM2p/f7YFE7H92eDeH/VBtFJA5MT4nRPDGg4JuzQ=="
    },
    "@esbuild/linux-riscv64@0.25.8": {
      "integrity": "sha512-rAqDYFv3yzMrq7GIcen3XP7TUEG/4LK86LUPMIz6RT8A6pRIDn0sDcvjudVZBiiTcZCY9y2SgYX2lgK3AF+1eg=="
    },
    "@esbuild/linux-s390x@0.25.8": {
      "integrity": "sha512-Xutvh6VjlbcHpsIIbwY8GVRbwoviWT19tFhgdA7DlenLGC/mbc3lBoVb7jxj9Z+eyGqvcnSyIltYUrkKzWqSvg=="
    },
    "@esbuild/linux-x64@0.25.8": {
      "integrity": "sha512-ASFQhgY4ElXh3nDcOMTkQero4b1lgubskNlhIfJrsH5OKZXDpUAKBlNS0Kx81jwOBp+HCeZqmoJuihTv57/jvQ=="
    },
    "@esbuild/netbsd-arm64@0.25.8": {
      "integrity": "sha512-d1KfruIeohqAi6SA+gENMuObDbEjn22olAR7egqnkCD9DGBG0wsEARotkLgXDu6c4ncgWTZJtN5vcgxzWRMzcw=="
    },
    "@esbuild/netbsd-x64@0.25.8": {
      "integrity": "sha512-nVDCkrvx2ua+XQNyfrujIG38+YGyuy2Ru9kKVNyh5jAys6n+l44tTtToqHjino2My8VAY6Lw9H7RI73XFi66Cg=="
    },
    "@esbuild/openbsd-arm64@0.25.8": {
      "integrity": "sha512-j8HgrDuSJFAujkivSMSfPQSAa5Fxbvk4rgNAS5i3K+r8s1X0p1uOO2Hl2xNsGFppOeHOLAVgYwDVlmxhq5h+SQ=="
    },
    "@esbuild/openbsd-x64@0.25.8": {
      "integrity": "sha512-1h8MUAwa0VhNCDp6Af0HToI2TJFAn1uqT9Al6DJVzdIBAd21m/G0Yfc77KDM3uF3T/YaOgQq3qTJHPbTOInaIQ=="
    },
    "@esbuild/openharmony-arm64@0.25.8": {
      "integrity": "sha512-r2nVa5SIK9tSWd0kJd9HCffnDHKchTGikb//9c7HX+r+wHYCpQrSgxhlY6KWV1nFo1l4KFbsMlHk+L6fekLsUg=="
    },
    "@esbuild/sunos-x64@0.25.8": {
      "integrity": "sha512-zUlaP2S12YhQ2UzUfcCuMDHQFJyKABkAjvO5YSndMiIkMimPmxA+BYSBikWgsRpvyxuRnow4nS5NPnf9fpv41w=="
    },
    "@esbuild/win32-arm64@0.25.8": {
      "integrity": "sha512-YEGFFWESlPva8hGL+zvj2z/SaK+pH0SwOM0Nc/d+rVnW7GSTFlLBGzZkuSU9kFIGIo8q9X3ucpZhu8PDN5A2sQ=="
    },
    "@esbuild/win32-ia32@0.25.8": {
      "integrity": "sha512-hiGgGC6KZ5LZz58OL/+qVVoZiuZlUYlYHNAmczOm7bs2oE1XriPFi5ZHHrS8ACpV5EjySrnoCKmcbQMN+ojnHg=="
    },
    "@esbuild/win32-x64@0.25.8": {
      "integrity": "sha512-cn3Yr7+OaaZq1c+2pe+8yxC8E144SReCQjN6/2ynubzYjvyqZjTXfQJpAcQpsdJq3My7XADANiYGHoFC69pLQw=="
    },
    "@hono/arktype-validator@2.0.1_arktype@2.1.20_hono@4.8.10": {
      "integrity": "sha512-Z4PQFtzgbGneBap+TTViRIBAoUWbwEwg8PaKNqALAP6z9N2ksJI81PfcsSQNUzwtrn8LipkMvBb8/D9Pei2GJw==",
      "dependencies": [
        "arktype",
        "hono@4.8.10"
      ]
    },
    "@hono/node-server@1.17.1_hono@4.8.5": {
      "integrity": "sha512-SY79W/C+2b1MyAzmIcV32Q47vO1b5XwLRwj8S9N6Jr5n1QCkIfAIH6umOSgqWZ4/v67hg6qq8Ha5vZonVidGsg==",
      "dependencies": [
        "hono@4.8.5"
      ]
    },
    "@hono/trpc-server@0.4.0_@trpc+server@11.4.3__typescript@5.8.3_hono@4.8.5": {
      "integrity": "sha512-LGlJfCmNIGMwcknZEIYdujVMs9OkNVazhpOhaz3kTWOXvNL660VOHpvvktosCiJrajyBY1RtIJKQ+IKaQvNuSg==",
      "dependencies": [
        "@trpc/server",
        "hono@4.8.5"
      ]
    },
    "@hono/vite-dev-server@0.20.0_hono@4.8.5": {
      "integrity": "sha512-Qkp9jh4R0q5VnUTBIoaeyh0M6nZWMWPaj5sHa0JJIS3Wu0UPi+Trc5JQTv0tKfYkrnAwOSQXW17pI1815o/5lQ==",
      "dependencies": [
        "@hono/node-server",
        "hono@4.8.5",
        "minimatch"
      ]
    },
    "@rollup/rollup-android-arm-eabi@4.45.1": {
      "integrity": "sha512-NEySIFvMY0ZQO+utJkgoMiCAjMrGvnbDLHvcmlA33UXJpYBCvlBEbMMtV837uCkS+plG2umfhn0T5mMAxGrlRA=="
    },
    "@rollup/rollup-android-arm64@4.45.1": {
      "integrity": "sha512-ujQ+sMXJkg4LRJaYreaVx7Z/VMgBBd89wGS4qMrdtfUFZ+TSY5Rs9asgjitLwzeIbhwdEhyj29zhst3L1lKsRQ=="
    },
    "@rollup/rollup-darwin-arm64@4.45.1": {
      "integrity": "sha512-FSncqHvqTm3lC6Y13xncsdOYfxGSLnP+73k815EfNmpewPs+EyM49haPS105Rh4aF5mJKywk9X0ogzLXZzN9lA=="
    },
    "@rollup/rollup-darwin-x64@4.45.1": {
      "integrity": "sha512-2/vVn/husP5XI7Fsf/RlhDaQJ7x9zjvC81anIVbr4b/f0xtSmXQTFcGIQ/B1cXIYM6h2nAhJkdMHTnD7OtQ9Og=="
    },
    "@rollup/rollup-freebsd-arm64@4.45.1": {
      "integrity": "sha512-4g1kaDxQItZsrkVTdYQ0bxu4ZIQ32cotoQbmsAnW1jAE4XCMbcBPDirX5fyUzdhVCKgPcrwWuucI8yrVRBw2+g=="
    },
    "@rollup/rollup-freebsd-x64@4.45.1": {
      "integrity": "sha512-L/6JsfiL74i3uK1Ti2ZFSNsp5NMiM4/kbbGEcOCps99aZx3g8SJMO1/9Y0n/qKlWZfn6sScf98lEOUe2mBvW9A=="
    },
    "@rollup/rollup-linux-arm-gnueabihf@4.45.1": {
      "integrity": "sha512-RkdOTu2jK7brlu+ZwjMIZfdV2sSYHK2qR08FUWcIoqJC2eywHbXr0L8T/pONFwkGukQqERDheaGTeedG+rra6Q=="
    },
    "@rollup/rollup-linux-arm-musleabihf@4.45.1": {
      "integrity": "sha512-3kJ8pgfBt6CIIr1o+HQA7OZ9mp/zDk3ctekGl9qn/pRBgrRgfwiffaUmqioUGN9hv0OHv2gxmvdKOkARCtRb8Q=="
    },
    "@rollup/rollup-linux-arm64-gnu@4.45.1": {
      "integrity": "sha512-k3dOKCfIVixWjG7OXTCOmDfJj3vbdhN0QYEqB+OuGArOChek22hn7Uy5A/gTDNAcCy5v2YcXRJ/Qcnm4/ma1xw=="
    },
    "@rollup/rollup-linux-arm64-musl@4.45.1": {
      "integrity": "sha512-PmI1vxQetnM58ZmDFl9/Uk2lpBBby6B6rF4muJc65uZbxCs0EA7hhKCk2PKlmZKuyVSHAyIw3+/SiuMLxKxWog=="
    },
    "@rollup/rollup-linux-loongarch64-gnu@4.45.1": {
      "integrity": "sha512-9UmI0VzGmNJ28ibHW2GpE2nF0PBQqsyiS4kcJ5vK+wuwGnV5RlqdczVocDSUfGX/Na7/XINRVoUgJyFIgipoRg=="
    },
    "@rollup/rollup-linux-powerpc64le-gnu@4.45.1": {
      "integrity": "sha512-7nR2KY8oEOUTD3pBAxIBBbZr0U7U+R9HDTPNy+5nVVHDXI4ikYniH1oxQz9VoB5PbBU1CZuDGHkLJkd3zLMWsg=="
    },
    "@rollup/rollup-linux-riscv64-gnu@4.45.1": {
      "integrity": "sha512-nlcl3jgUultKROfZijKjRQLUu9Ma0PeNv/VFHkZiKbXTBQXhpytS8CIj5/NfBeECZtY2FJQubm6ltIxm/ftxpw=="
    },
    "@rollup/rollup-linux-riscv64-musl@4.45.1": {
      "integrity": "sha512-HJV65KLS51rW0VY6rvZkiieiBnurSzpzore1bMKAhunQiECPuxsROvyeaot/tcK3A3aGnI+qTHqisrpSgQrpgA=="
    },
    "@rollup/rollup-linux-s390x-gnu@4.45.1": {
      "integrity": "sha512-NITBOCv3Qqc6hhwFt7jLV78VEO/il4YcBzoMGGNxznLgRQf43VQDae0aAzKiBeEPIxnDrACiMgbqjuihx08OOw=="
    },
    "@rollup/rollup-linux-x64-gnu@4.45.1": {
      "integrity": "sha512-+E/lYl6qu1zqgPEnTrs4WysQtvc/Sh4fC2nByfFExqgYrqkKWp1tWIbe+ELhixnenSpBbLXNi6vbEEJ8M7fiHw=="
    },
    "@rollup/rollup-linux-x64-musl@4.45.1": {
      "integrity": "sha512-a6WIAp89p3kpNoYStITT9RbTbTnqarU7D8N8F2CV+4Cl9fwCOZraLVuVFvlpsW0SbIiYtEnhCZBPLoNdRkjQFw=="
    },
    "@rollup/rollup-win32-arm64-msvc@4.45.1": {
      "integrity": "sha512-T5Bi/NS3fQiJeYdGvRpTAP5P02kqSOpqiopwhj0uaXB6nzs5JVi2XMJb18JUSKhCOX8+UE1UKQufyD6Or48dJg=="
    },
    "@rollup/rollup-win32-ia32-msvc@4.45.1": {
      "integrity": "sha512-lxV2Pako3ujjuUe9jiU3/s7KSrDfH6IgTSQOnDWr9aJ92YsFd7EurmClK0ly/t8dzMkDtd04g60WX6yl0sGfdw=="
    },
    "@rollup/rollup-win32-x64-msvc@4.45.1": {
      "integrity": "sha512-M/fKi4sasCdM8i0aWJjCSFm2qEnYRR8AMLG2kxp6wD13+tMGA4Z1tVAuHkNRjud5SW2EM3naLuK35w9twvf6aA=="
    },
    "@trpc/client@11.4.3_@trpc+server@11.4.3__typescript@5.8.3_typescript@5.8.3": {
      "integrity": "sha512-i2suttUCfColktXT8bqex5kHW5jpT15nwUh0hGSDiW1keN621kSUQKcLJ095blqQAUgB+lsmgSqSMmB4L9shQQ==",
      "dependencies": [
        "@trpc/server",
        "typescript"
      ]
    },
    "@trpc/server@11.4.3_typescript@5.8.3": {
      "integrity": "sha512-wnWq3wiLlMOlYkaIZz+qbuYA5udPTLS4GVVRyFkr6aT83xpdCHyVtURT+u4hSoIrOXQM9OPCNXSXsAujWZDdaw==",
      "dependencies": [
        "typescript"
      ]
    },
    "@types/estree@1.0.8": {
      "integrity": "sha512-dWHzHa2WqEXI/O1E9OjrocMTKJl2mSrEolh1Iomrv6U+JuNwaHXsXx9bLu5gG7BUWFIN0skIQJQ/L1rIex4X6w=="
    },
    "@types/node@22.12.0": {
      "integrity": "sha512-Fll2FZ1riMjNmlmJOdAyY5pUbkftXslB5DgEzlIuNaiWhXd00FhWxVC/r4yV/4wBb9JfImTu+jiSvXTkJ7F/gA==",
      "dependencies": [
        "undici-types"
      ]
    },
    "arktype@2.1.20": {
      "integrity": "sha512-IZCEEXaJ8g+Ijd59WtSYwtjnqXiwM8sWQ5EjGamcto7+HVN9eK0C4p0zDlCuAwWhpqr6fIBkxPuYDl4/Mcj/+Q==",
      "dependencies": [
        "@ark/schema",
        "@ark/util"
      ]
    },
    "balanced-match@1.0.2": {
      "integrity": "sha512-3oSeUO0TMV67hN1AmbXsK4yaqU7tjiHlbxRDZOpH0KW9+CeX4bRAaX0Anxt0tx2MrpRpWwQaPwIlISEJhYU5Pw=="
    },
    "brace-expansion@2.0.2": {
      "integrity": "sha512-Jt0vHyM+jmUBqojB7E1NIYadt0vI0Qxjxd2TErW94wDz+E2LAm5vKMXXwg6ZZBTHPuUlDgQHKXvjGBdfcF1ZDQ==",
      "dependencies": [
        "balanced-match"
      ]
    },
    "esbuild@0.25.8": {
      "integrity": "sha512-vVC0USHGtMi8+R4Kz8rt6JhEWLxsv9Rnu/lGYbPR8u47B+DCBksq9JarW0zOO7bs37hyOK1l2/oqtbciutL5+Q==",
      "dependencies": [
        "@esbuild/aix-ppc64",
        "@esbuild/android-arm",
        "@esbuild/android-arm64",
        "@esbuild/android-x64",
        "@esbuild/darwin-arm64",
        "@esbuild/darwin-x64",
        "@esbuild/freebsd-arm64",
        "@esbuild/freebsd-x64",
        "@esbuild/linux-arm",
        "@esbuild/linux-arm64",
        "@esbuild/linux-ia32",
        "@esbuild/linux-loong64",
        "@esbuild/linux-mips64el",
        "@esbuild/linux-ppc64",
        "@esbuild/linux-riscv64",
        "@esbuild/linux-s390x",
        "@esbuild/linux-x64",
        "@esbuild/netbsd-arm64",
        "@esbuild/netbsd-x64",
        "@esbuild/openbsd-arm64",
        "@esbuild/openbsd-x64",
        "@esbuild/openharmony-arm64",
        "@esbuild/sunos-x64",
        "@esbuild/win32-arm64",
        "@esbuild/win32-ia32",
        "@esbuild/win32-x64"
      ]
    },
    "fdir@6.4.6_picomatch@4.0.3": {
      "integrity": "sha512-hiFoqpyZcfNm1yc4u8oWCf9A2c4D3QjCrks3zmoVKVxpQRzmPNar1hUJcBG2RQHvEVGDN+Jm81ZheVLAQMK6+w==",
      "dependencies": [
        "picomatch"
      ]
    },
    "fsevents@2.3.3": {
      "integrity": "sha512-5xoDfX+fL7faATnagmWPpbFtwh/R77WmMMqqHGS65C3vvB0YHrgF+B1YmZ3441tMj5n63k0212XNoJwzlhffQw=="
    },
    "hono@4.8.10": {
      "integrity": "sha512-DRMYbR3aFk6YET1FCSAFbgF2cWYTz5j0YAFYPECx9fmrbKBDAYnWU+YCgRTpOaatxMYN6e68U/2IG39zRP4W/A=="
    },
    "hono@4.8.5": {
      "integrity": "sha512-Up2cQbtNz1s111qpnnECdTGqSIUIhZJMLikdKkshebQSEBcoUKq6XJayLGqSZWidiH0zfHRCJqFu062Mz5UuRA=="
    },
    "minimatch@9.0.5": {
      "integrity": "sha512-G6T0ZX48xgozx7587koeX9Ys2NYy6Gmv//P89sEte9V9whIapMNF4idKxnW2QtCcLiTWlb/wfCabAtAFWhhBow==",
      "dependencies": [
        "brace-expansion"
      ]
    },
    "nanoid@3.3.11": {
      "integrity": "sha512-N8SpfPUnUp1bK+PMYW8qSWdl9U+wwNWI4QKxOYDy9JAro3WMX7p2OeVRF9v+347pnakNevPmiHhNmZ2HbFA76w=="
    },
    "picocolors@1.1.1": {
      "integrity": "sha512-xceH2snhtb5M9liqDsmEw56le376mTZkEX/jEb/RxNFyegNul7eNslCXP9FDj/Lcu0X8KEyMceP2ntpaHrDEVA=="
    },
    "picomatch@4.0.3": {
      "integrity": "sha512-5gTmgEY/sqK6gFXLIsQNH19lWb4ebPDLA4SdLP7dsWkIXHWlG66oPuVvXSGFPppYZz8ZDZq0dYYrbHfBCVUb1Q=="
    },
    "postcss@8.5.6": {
      "integrity": "sha512-3Ybi1tAuwAP9s0r1UQ2J4n5Y0G05bJkpUIO0/bI9MhwmD70S5aTWbXGBwxHrelT+XM1k6dM0pk+SwNkpTRN7Pg==",
      "dependencies": [
        "nanoid",
        "picocolors",
        "source-map-js"
      ]
    },
    "rollup@4.45.1": {
      "integrity": "sha512-4iya7Jb76fVpQyLoiVpzUrsjQ12r3dM7fIVz+4NwoYvZOShknRmiv+iu9CClZml5ZLGb0XMcYLutK6w9tgxHDw==",
      "dependencies": [
        "@rollup/rollup-android-arm-eabi",
        "@rollup/rollup-android-arm64",
        "@rollup/rollup-darwin-arm64",
        "@rollup/rollup-darwin-x64",
        "@rollup/rollup-freebsd-arm64",
        "@rollup/rollup-freebsd-x64",
        "@rollup/rollup-linux-arm-gnueabihf",
        "@rollup/rollup-linux-arm-musleabihf",
        "@rollup/rollup-linux-arm64-gnu",
        "@rollup/rollup-linux-arm64-musl",
        "@rollup/rollup-linux-loongarch64-gnu",
        "@rollup/rollup-linux-powerpc64le-gnu",
        "@rollup/rollup-linux-riscv64-gnu",
        "@rollup/rollup-linux-riscv64-musl",
        "@rollup/rollup-linux-s390x-gnu",
        "@rollup/rollup-linux-x64-gnu",
        "@rollup/rollup-linux-x64-musl",
        "@rollup/rollup-win32-arm64-msvc",
        "@rollup/rollup-win32-ia32-msvc",
        "@rollup/rollup-win32-x64-msvc",
        "@types/estree",
        "fsevents"
      ]
    },
    "source-map-js@1.2.1": {
      "integrity": "sha512-UXWMKhLOwVKb728IUtQPXxfYU+usdybtUrK/8uGE8CQMvrhOpwvzDBwj0QhSL7MQc7vIsISBG8VQ8+IDQxpfQA=="
    },
    "tinyglobby@0.2.14_picomatch@4.0.3": {
      "integrity": "sha512-tX5e7OM1HnYr2+a2C/4V0htOcSQcoSTH9KgJnVvNm5zm/cyEWKJ7j7YutsH9CxMdtOkkLFy2AHrMci9IM8IPZQ==",
      "dependencies": [
        "fdir",
        "picomatch"
      ]
    },
    "typescript@5.8.3": {
      "integrity": "sha512-p1diW6TqL9L07nNxvRMM7hMMw4c5XOo/1ibL4aAIGmSAt9slTE1Xgw5KWuof2uTOvCg9BY7ZRi+GaF+7sfgPeQ=="
    },
    "undici-types@6.20.0": {
      "integrity": "sha512-Ny6QZ2Nju20vw1SRHe3d9jVu6gJ+4e3+MMpqu7pqE5HT6WsTSlce++GQmK5UXS8mzV8DSYHrQH+Xrf2jVcuKNg=="
    },
    "vite@6.3.5_picomatch@4.0.3": {
      "integrity": "sha512-cZn6NDFE7wdTpINgs++ZJ4N49W2vRp8LCKrn3Ob1kYNtOo21vfDoaV5GzBfLU4MovSAB8uNRm4jgzVQZ+mBzPQ==",
      "dependencies": [
        "esbuild",
        "fdir",
        "fsevents",
        "picomatch",
        "postcss",
        "rollup",
        "tinyglobby"
      ]
    },
    "vite@6.3.5_picomatch@4.0.3_@types+node@22.12.0": {
      "integrity": "sha512-cZn6NDFE7wdTpINgs++ZJ4N49W2vRp8LCKrn3Ob1kYNtOo21vfDoaV5GzBfLU4MovSAB8uNRm4jgzVQZ+mBzPQ==",
      "dependencies": [
        "@types/node",
        "esbuild",
        "fdir",
        "fsevents",
        "picomatch",
        "postcss",
        "rollup",
        "tinyglobby"
      ]
    },
    "vite@7.0.6_picomatch@4.0.3": {
      "integrity": "sha512-MHFiOENNBd+Bd9uvc8GEsIzdkn1JxMmEeYX35tI3fv0sJBUTfW5tQsoaOwuY4KhBI09A3dUJ/DXf2yxPVPUceg==",
      "dependencies": [
        "esbuild",
        "fdir",
        "fsevents",
        "picomatch",
        "postcss",
        "rollup",
        "tinyglobby"
      ]
    },
    "vite@7.0.6_picomatch@4.0.3_@types+node@22.12.0": {
      "integrity": "sha512-MHFiOENNBd+Bd9uvc8GEsIzdkn1JxMmEeYX35tI3fv0sJBUTfW5tQsoaOwuY4KhBI09A3dUJ/DXf2yxPVPUceg==",
      "dependencies": [
        "@types/node",
        "esbuild",
        "fdir",
        "fsevents",
        "picomatch",
        "postcss",
        "rollup",
        "tinyglobby"
      ]
    },
    "zod@3.25.76": {
      "integrity": "sha512-gzUt/qt81nXsFGKIFcC3YnfEAx5NkunCfnDlvuBSSFS02bcXu4Lmea0AFIUwbLWxWPx3d9p8S5QoaujKcNQxcQ=="
    }
  },
  "workspace": {
    "dependencies": [
      "jsr:@hono/trpc-server@0.4",
      "npm:@deno/vite-plugin@^1.0.5",
      "npm:@hono/arktype-validator@^2.0.1",
      "npm:@hono/vite-dev-server@0.20",
      "npm:@trpc/client@^11.4.3",
      "npm:@trpc/server@^11.4.3",
      "npm:arktype@^2.1.20",
      "npm:hono@^4.8.10",
      "npm:vite@^7.0.6"
    ]
  }
}
